// !$*UTF8*$!
{
	archiveVersion = 1;
	classes = {
	};
	objectVersion = 51;
	objects = {

/* Begin PBXBuildFile section */
		8722924B66E31B6CF826C079 /* Pods_Jistar.framework in Frameworks */ = {isa = PBXBuildFile; fileRef = E1B7E9810006005A3F832FEC /* Pods_Jistar.framework */; };
		CE2380B1249C5C2E0045A7C0 /* AppDelegate.swift in Sources */ = {isa = PBXBuildFile; fileRef = CE2380B0249C5C2E0045A7C0 /* AppDelegate.swift */; };
		CE2380B3249C5C2E0045A7C0 /* SceneDelegate.swift in Sources */ = {isa = PBXBuildFile; fileRef = CE2380B2249C5C2E0045A7C0 /* SceneDelegate.swift */; };
		CE2380B5249C5C2E0045A7C0 /* ViewController.swift in Sources */ = {isa = PBXBuildFile; fileRef = CE2380B4249C5C2E0045A7C0 /* ViewController.swift */; };
		CE2380B8249C5C2E0045A7C0 /* Main.storyboard in Resources */ = {isa = PBXBuildFile; fileRef = CE2380B6249C5C2E0045A7C0 /* Main.storyboard */; };
		CE2380BA249C5C300045A7C0 /* Assets.xcassets in Resources */ = {isa = PBXBuildFile; fileRef = CE2380B9249C5C300045A7C0 /* Assets.xcassets */; };
		CE2380BD249C5C300045A7C0 /* LaunchScreen.storyboard in Resources */ = {isa = PBXBuildFile; fileRef = CE2380BB249C5C300045A7C0 /* LaunchScreen.storyboard */; };
		CE2380C5249C9DE30045A7C0 /* ViewController+UI.swift in Sources */ = {isa = PBXBuildFile; fileRef = CE2380C4249C9DE30045A7C0 /* ViewController+UI.swift */; };
		CE2380C7249CA18B0045A7C0 /* SignUpViewController.swift in Sources */ = {isa = PBXBuildFile; fileRef = CE2380C6249CA18B0045A7C0 /* SignUpViewController.swift */; };
		CE2380C9249CAE150045A7C0 /* SignUpViewController+UI.swift in Sources */ = {isa = PBXBuildFile; fileRef = CE2380C8249CAE150045A7C0 /* SignUpViewController+UI.swift */; };
		CE2380CB24A4D9F00045A7C0 /* SignInViewController.swift in Sources */ = {isa = PBXBuildFile; fileRef = CE2380CA24A4D9F00045A7C0 /* SignInViewController.swift */; };
		CE2380CD24A4DCF50045A7C0 /* SignInViewController+UI.swift in Sources */ = {isa = PBXBuildFile; fileRef = CE2380CC24A4DCF50045A7C0 /* SignInViewController+UI.swift */; };
		CE2380CF24A4FB7C0045A7C0 /* ForgotPasswordViewController.swift in Sources */ = {isa = PBXBuildFile; fileRef = CE2380CE24A4FB7C0045A7C0 /* ForgotPasswordViewController.swift */; };
		CE2380D124A4FBB60045A7C0 /* ForgotPasswordViewController+UI.swift in Sources */ = {isa = PBXBuildFile; fileRef = CE2380D024A4FBB60045A7C0 /* ForgotPasswordViewController+UI.swift */; };
		CE2380D324A52C790045A7C0 /* GoogleService-Info.plist in Resources */ = {isa = PBXBuildFile; fileRef = CE2380D224A52C790045A7C0 /* GoogleService-Info.plist */; };
		CE2380D524A538A30045A7C0 /* .gitignore in Resources */ = {isa = PBXBuildFile; fileRef = CE2380D424A538A30045A7C0 /* .gitignore */; };
/* End PBXBuildFile section */

/* Begin PBXFileReference section */
		279778611F717350F9889719 /* Pods-Jistar.debug.xcconfig */ = {isa = PBXFileReference; includeInIndex = 1; lastKnownFileType = text.xcconfig; name = "Pods-Jistar.debug.xcconfig"; path = "Target Support Files/Pods-Jistar/Pods-Jistar.debug.xcconfig"; sourceTree = "<group>"; };
		42B3E0BC92655280A9D331BE /* Pods-Jistar.release.xcconfig */ = {isa = PBXFileReference; includeInIndex = 1; lastKnownFileType = text.xcconfig; name = "Pods-Jistar.release.xcconfig"; path = "Target Support Files/Pods-Jistar/Pods-Jistar.release.xcconfig"; sourceTree = "<group>"; };
		CE2380AD249C5C2E0045A7C0 /* Jistar.app */ = {isa = PBXFileReference; explicitFileType = wrapper.application; includeInIndex = 0; path = Jistar.app; sourceTree = BUILT_PRODUCTS_DIR; };
		CE2380B0249C5C2E0045A7C0 /* AppDelegate.swift */ = {isa = PBXFileReference; lastKnownFileType = sourcecode.swift; path = AppDelegate.swift; sourceTree = "<group>"; };
		CE2380B2249C5C2E0045A7C0 /* SceneDelegate.swift */ = {isa = PBXFileReference; lastKnownFileType = sourcecode.swift; path = SceneDelegate.swift; sourceTree = "<group>"; };
		CE2380B4249C5C2E0045A7C0 /* ViewController.swift */ = {isa = PBXFileReference; lastKnownFileType = sourcecode.swift; path = ViewController.swift; sourceTree = "<group>"; };
		CE2380B7249C5C2E0045A7C0 /* Base */ = {isa = PBXFileReference; lastKnownFileType = file.storyboard; name = Base; path = Base.lproj/Main.storyboard; sourceTree = "<group>"; };
		CE2380B9249C5C300045A7C0 /* Assets.xcassets */ = {isa = PBXFileReference; lastKnownFileType = folder.assetcatalog; path = Assets.xcassets; sourceTree = "<group>"; };
		CE2380BC249C5C300045A7C0 /* Base */ = {isa = PBXFileReference; lastKnownFileType = file.storyboard; name = Base; path = Base.lproj/LaunchScreen.storyboard; sourceTree = "<group>"; };
		CE2380BE249C5C300045A7C0 /* Info.plist */ = {isa = PBXFileReference; lastKnownFileType = text.plist.xml; path = Info.plist; sourceTree = "<group>"; };
		CE2380C4249C9DE30045A7C0 /* ViewController+UI.swift */ = {isa = PBXFileReference; lastKnownFileType = sourcecode.swift; path = "ViewController+UI.swift"; sourceTree = "<group>"; };
		CE2380C6249CA18B0045A7C0 /* SignUpViewController.swift */ = {isa = PBXFileReference; lastKnownFileType = sourcecode.swift; path = SignUpViewController.swift; sourceTree = "<group>"; };
		CE2380C8249CAE150045A7C0 /* SignUpViewController+UI.swift */ = {isa = PBXFileReference; lastKnownFileType = sourcecode.swift; path = "SignUpViewController+UI.swift"; sourceTree = "<group>"; };
		CE2380CA24A4D9F00045A7C0 /* SignInViewController.swift */ = {isa = PBXFileReference; lastKnownFileType = sourcecode.swift; path = SignInViewController.swift; sourceTree = "<group>"; };
		CE2380CC24A4DCF50045A7C0 /* SignInViewController+UI.swift */ = {isa = PBXFileReference; lastKnownFileType = sourcecode.swift; path = "SignInViewController+UI.swift"; sourceTree = "<group>"; };
		CE2380CE24A4FB7C0045A7C0 /* ForgotPasswordViewController.swift */ = {isa = PBXFileReference; lastKnownFileType = sourcecode.swift; path = ForgotPasswordViewController.swift; sourceTree = "<group>"; };
		CE2380D024A4FBB60045A7C0 /* ForgotPasswordViewController+UI.swift */ = {isa = PBXFileReference; lastKnownFileType = sourcecode.swift; path = "ForgotPasswordViewController+UI.swift"; sourceTree = "<group>"; };
		CE2380D224A52C790045A7C0 /* GoogleService-Info.plist */ = {isa = PBXFileReference; fileEncoding = 4; lastKnownFileType = text.plist.xml; path = "GoogleService-Info.plist"; sourceTree = "<group>"; };
		CE2380D424A538A30045A7C0 /* .gitignore */ = {isa = PBXFileReference; lastKnownFileType = text; path = .gitignore; sourceTree = "<group>"; };
		E1B7E9810006005A3F832FEC /* Pods_Jistar.framework */ = {isa = PBXFileReference; explicitFileType = wrapper.framework; includeInIndex = 0; path = Pods_Jistar.framework; sourceTree = BUILT_PRODUCTS_DIR; };
/* End PBXFileReference section */

/* Begin PBXFrameworksBuildPhase section */
		CE2380AA249C5C2E0045A7C0 /* Frameworks */ = {
			isa = PBXFrameworksBuildPhase;
			buildActionMask = 2147483647;
			files = (
				8722924B66E31B6CF826C079 /* Pods_Jistar.framework in Frameworks */,
			);
			runOnlyForDeploymentPostprocessing = 0;
		};
/* End PBXFrameworksBuildPhase section */

/* Begin PBXGroup section */
		15B87F4FBC7C0D4F22DC47EE /* Frameworks */ = {
			isa = PBXGroup;
			children = (
				E1B7E9810006005A3F832FEC /* Pods_Jistar.framework */,
			);
			name = Frameworks;
			sourceTree = "<group>";
		};
		6BA15EFF9269EC84D3E8A22B /* Pods */ = {
			isa = PBXGroup;
			children = (
				279778611F717350F9889719 /* Pods-Jistar.debug.xcconfig */,
				42B3E0BC92655280A9D331BE /* Pods-Jistar.release.xcconfig */,
			);
			path = Pods;
			sourceTree = "<group>";
		};
		CE2380A4249C5C2E0045A7C0 = {
			isa = PBXGroup;
			children = (
				CE2380AF249C5C2E0045A7C0 /* Jistar */,
				CE2380AE249C5C2E0045A7C0 /* Products */,
				6BA15EFF9269EC84D3E8A22B /* Pods */,
				15B87F4FBC7C0D4F22DC47EE /* Frameworks */,
			);
			sourceTree = "<group>";
		};
		CE2380AE249C5C2E0045A7C0 /* Products */ = {
			isa = PBXGroup;
			children = (
				CE2380AD249C5C2E0045A7C0 /* Jistar.app */,
			);
			name = Products;
			sourceTree = "<group>";
		};
		CE2380AF249C5C2E0045A7C0 /* Jistar */ = {
			isa = PBXGroup;
			children = (
				CE2380D224A52C790045A7C0 /* GoogleService-Info.plist */,
				CE2380B0249C5C2E0045A7C0 /* AppDelegate.swift */,
				CE2380B2249C5C2E0045A7C0 /* SceneDelegate.swift */,
				CE2380B4249C5C2E0045A7C0 /* ViewController.swift */,
				CE2380C4249C9DE30045A7C0 /* ViewController+UI.swift */,
				CE2380B6249C5C2E0045A7C0 /* Main.storyboard */,
				CE2380CE24A4FB7C0045A7C0 /* ForgotPasswordViewController.swift */,
				CE2380D024A4FBB60045A7C0 /* ForgotPasswordViewController+UI.swift */,
				CE2380CA24A4D9F00045A7C0 /* SignInViewController.swift */,
				CE2380CC24A4DCF50045A7C0 /* SignInViewController+UI.swift */,
				CE2380C8249CAE150045A7C0 /* SignUpViewController+UI.swift */,
				CE2380C6249CA18B0045A7C0 /* SignUpViewController.swift */,
				CE2380B9249C5C300045A7C0 /* Assets.xcassets */,
				CE2380BB249C5C300045A7C0 /* LaunchScreen.storyboard */,
				CE2380BE249C5C300045A7C0 /* Info.plist */,
				CE2380D424A538A30045A7C0 /* .gitignore */,
			);
			path = Jistar;
			sourceTree = "<group>";
		};
/* End PBXGroup section */

/* Begin PBXNativeTarget section */
		CE2380AC249C5C2E0045A7C0 /* Jistar */ = {
			isa = PBXNativeTarget;
			buildConfigurationList = CE2380C1249C5C300045A7C0 /* Build configuration list for PBXNativeTarget "Jistar" */;
			buildPhases = (
				FE176F32FC0A0F0A117F74B2 /* [CP] Check Pods Manifest.lock */,
				CE2380A9249C5C2E0045A7C0 /* Sources */,
				CE2380AA249C5C2E0045A7C0 /* Frameworks */,
				CE2380AB249C5C2E0045A7C0 /* Resources */,
				076DB54A9DCC3A101B7DEECB /* [CP] Embed Pods Frameworks */,
			);
			buildRules = (
			);
			dependencies = (
			);
			name = Jistar;
			productName = Jistar;
			productReference = CE2380AD249C5C2E0045A7C0 /* Jistar.app */;
			productType = "com.apple.product-type.application";
		};
/* End PBXNativeTarget section */

/* Begin PBXProject section */
		CE2380A5249C5C2E0045A7C0 /* Project object */ = {
			isa = PBXProject;
			attributes = {
				LastSwiftUpdateCheck = 1130;
				LastUpgradeCheck = 1130;
				ORGANIZATIONNAME = Icelod;
				TargetAttributes = {
					CE2380AC249C5C2E0045A7C0 = {
						CreatedOnToolsVersion = 11.3.1;
					};
				};
			};
			buildConfigurationList = CE2380A8249C5C2E0045A7C0 /* Build configuration list for PBXProject "Jistar" */;
			compatibilityVersion = "Xcode 9.3";
			developmentRegion = en;
			hasScannedForEncodings = 0;
			knownRegions = (
				en,
				Base,
			);
			mainGroup = CE2380A4249C5C2E0045A7C0;
			productRefGroup = CE2380AE249C5C2E0045A7C0 /* Products */;
			projectDirPath = "";
			projectRoot = "";
			targets = (
				CE2380AC249C5C2E0045A7C0 /* Jistar */,
			);
		};
/* End PBXProject section */

/* Begin PBXResourcesBuildPhase section */
		CE2380AB249C5C2E0045A7C0 /* Resources */ = {
			isa = PBXResourcesBuildPhase;
			buildActionMask = 2147483647;
			files = (
				CE2380D524A538A30045A7C0 /* .gitignore in Resources */,
				CE2380BD249C5C300045A7C0 /* LaunchScreen.storyboard in Resources */,
				CE2380D324A52C790045A7C0 /* GoogleService-Info.plist in Resources */,
				CE2380BA249C5C300045A7C0 /* Assets.xcassets in Resources */,
				CE2380B8249C5C2E0045A7C0 /* Main.storyboard in Resources */,
			);
			runOnlyForDeploymentPostprocessing = 0;
		};
/* End PBXResourcesBuildPhase section */

/* Begin PBXShellScriptBuildPhase section */
		076DB54A9DCC3A101B7DEECB /* [CP] Embed Pods Frameworks */ = {
			isa = PBXShellScriptBuildPhase;
			buildActionMask = 2147483647;
			files = (
			);
			inputFileListPaths = (
				"${PODS_ROOT}/Target Support Files/Pods-Jistar/Pods-Jistar-frameworks-${CONFIGURATION}-input-files.xcfilelist",
			);
			name = "[CP] Embed Pods Frameworks";
			outputFileListPaths = (
				"${PODS_ROOT}/Target Support Files/Pods-Jistar/Pods-Jistar-frameworks-${CONFIGURATION}-output-files.xcfilelist",
			);
			runOnlyForDeploymentPostprocessing = 0;
			shellPath = /bin/sh;
			shellScript = "\"${PODS_ROOT}/Target Support Files/Pods-Jistar/Pods-Jistar-frameworks.sh\"\n";
			showEnvVarsInLog = 0;
		};
		FE176F32FC0A0F0A117F74B2 /* [CP] Check Pods Manifest.lock */ = {
			isa = PBXShellScriptBuildPhase;
			buildActionMask = 2147483647;
			files = (
			);
			inputFileListPaths = (
			);
			inputPaths = (
				"${PODS_PODFILE_DIR_PATH}/Podfile.lock",
				"${PODS_ROOT}/Manifest.lock",
			);
			name = "[CP] Check Pods Manifest.lock";
			outputFileListPaths = (
			);
			outputPaths = (
				"$(DERIVED_FILE_DIR)/Pods-Jistar-checkManifestLockResult.txt",
			);
			runOnlyForDeploymentPostprocessing = 0;
			shellPath = /bin/sh;
			shellScript = "diff \"${PODS_PODFILE_DIR_PATH}/Podfile.lock\" \"${PODS_ROOT}/Manifest.lock\" > /dev/null\nif [ $? != 0 ] ; then\n    # print error to STDERR\n    echo \"error: The sandbox is not in sync with the Podfile.lock. Run 'pod install' or update your CocoaPods installation.\" >&2\n    exit 1\nfi\n# This output is used by Xcode 'outputs' to avoid re-running this script phase.\necho \"SUCCESS\" > \"${SCRIPT_OUTPUT_FILE_0}\"\n";
			showEnvVarsInLog = 0;
		};
/* End PBXShellScriptBuildPhase section */

/* Begin PBXSourcesBuildPhase section */
		CE2380A9249C5C2E0045A7C0 /* Sources */ = {
			isa = PBXSourcesBuildPhase;
			buildActionMask = 2147483647;
			files = (
				CE2380CD24A4DCF50045A7C0 /* SignInViewController+UI.swift in Sources */,
				CE2380CB24A4D9F00045A7C0 /* SignInViewController.swift in Sources */,
				CE2380C9249CAE150045A7C0 /* SignUpViewController+UI.swift in Sources */,
				CE2380B5249C5C2E0045A7C0 /* ViewController.swift in Sources */,
				CE2380D124A4FBB60045A7C0 /* ForgotPasswordViewController+UI.swift in Sources */,
				CE2380B1249C5C2E0045A7C0 /* AppDelegate.swift in Sources */,
				CE2380CF24A4FB7C0045A7C0 /* ForgotPasswordViewController.swift in Sources */,
				CE2380C5249C9DE30045A7C0 /* ViewController+UI.swift in Sources */,
				CE2380B3249C5C2E0045A7C0 /* SceneDelegate.swift in Sources */,
				CE2380C7249CA18B0045A7C0 /* SignUpViewController.swift in Sources */,
			);
			runOnlyForDeploymentPostprocessing = 0;
		};
/* End PBXSourcesBuildPhase section */

/* Begin PBXVariantGroup section */
		CE2380B6249C5C2E0045A7C0 /* Main.storyboard */ = {
			isa = PBXVariantGroup;
			children = (
				CE2380B7249C5C2E0045A7C0 /* Base */,
			);
			name = Main.storyboard;
			sourceTree = "<group>";
		};
		CE2380BB249C5C300045A7C0 /* LaunchScreen.storyboard */ = {
			isa = PBXVariantGroup;
			children = (
				CE2380BC249C5C300045A7C0 /* Base */,
			);
			name = LaunchScreen.storyboard;
			sourceTree = "<group>";
		};
/* End PBXVariantGroup section */

/* Begin XCBuildConfiguration section */
		CE2380BF249C5C300045A7C0 /* Debug */ = {
			isa = XCBuildConfiguration;
			buildSettings = {
				ALWAYS_SEARCH_USER_PATHS = NO;
				CLANG_ANALYZER_NONNULL = YES;
				CLANG_ANALYZER_NUMBER_OBJECT_CONVERSION = YES_AGGRESSIVE;
				CLANG_CXX_LANGUAGE_STANDARD = "gnu++14";
				CLANG_CXX_LIBRARY = "libc++";
				CLANG_ENABLE_MODULES = YES;
				CLANG_ENABLE_OBJC_ARC = YES;
				CLANG_ENABLE_OBJC_WEAK = YES;
				CLANG_WARN_BLOCK_CAPTURE_AUTORELEASING = YES;
				CLANG_WARN_BOOL_CONVERSION = YES;
				CLANG_WARN_COMMA = YES;
				CLANG_WARN_CONSTANT_CONVERSION = YES;
				CLANG_WARN_DEPRECATED_OBJC_IMPLEMENTATIONS = YES;
				CLANG_WARN_DIRECT_OBJC_ISA_USAGE = YES_ERROR;
				CLANG_WARN_DOCUMENTATION_COMMENTS = YES;
				CLANG_WARN_EMPTY_BODY = YES;
				CLANG_WARN_ENUM_CONVERSION = YES;
				CLANG_WARN_INFINITE_RECURSION = YES;
				CLANG_WARN_INT_CONVERSION = YES;
				CLANG_WARN_NON_LITERAL_NULL_CONVERSION = YES;
				CLANG_WARN_OBJC_IMPLICIT_RETAIN_SELF = YES;
				CLANG_WARN_OBJC_LITERAL_CONVERSION = YES;
				CLANG_WARN_OBJC_ROOT_CLASS = YES_ERROR;
				CLANG_WARN_RANGE_LOOP_ANALYSIS = YES;
				CLANG_WARN_STRICT_PROTOTYPES = YES;
				CLANG_WARN_SUSPICIOUS_MOVE = YES;
				CLANG_WARN_UNGUARDED_AVAILABILITY = YES_AGGRESSIVE;
				CLANG_WARN_UNREACHABLE_CODE = YES;
				CLANG_WARN__DUPLICATE_METHOD_MATCH = YES;
				COPY_PHASE_STRIP = NO;
				DEBUG_INFORMATION_FORMAT = dwarf;
				ENABLE_STRICT_OBJC_MSGSEND = YES;
				ENABLE_TESTABILITY = YES;
				GCC_C_LANGUAGE_STANDARD = gnu11;
				GCC_DYNAMIC_NO_PIC = NO;
				GCC_NO_COMMON_BLOCKS = YES;
				GCC_OPTIMIZATION_LEVEL = 0;
				GCC_PREPROCESSOR_DEFINITIONS = (
					"DEBUG=1",
					"$(inherited)",
				);
				GCC_WARN_64_TO_32_BIT_CONVERSION = YES;
				GCC_WARN_ABOUT_RETURN_TYPE = YES_ERROR;
				GCC_WARN_UNDECLARED_SELECTOR = YES;
				GCC_WARN_UNINITIALIZED_AUTOS = YES_AGGRESSIVE;
				GCC_WARN_UNUSED_FUNCTION = YES;
				GCC_WARN_UNUSED_VARIABLE = YES;
				IPHONEOS_DEPLOYMENT_TARGET = 13.2;
				MTL_ENABLE_DEBUG_INFO = INCLUDE_SOURCE;
				MTL_FAST_MATH = YES;
				ONLY_ACTIVE_ARCH = YES;
				SDKROOT = iphoneos;
				SWIFT_ACTIVE_COMPILATION_CONDITIONS = DEBUG;
				SWIFT_OPTIMIZATION_LEVEL = "-Onone";
			};
			name = Debug;
		};
		CE2380C0249C5C300045A7C0 /* Release */ = {
			isa = XCBuildConfiguration;
			buildSettings = {
				ALWAYS_SEARCH_USER_PATHS = NO;
				CLANG_ANALYZER_NONNULL = YES;
				CLANG_ANALYZER_NUMBER_OBJECT_CONVERSION = YES_AGGRESSIVE;
				CLANG_CXX_LANGUAGE_STANDARD = "gnu++14";
				CLANG_CXX_LIBRARY = "libc++";
				CLANG_ENABLE_MODULES = YES;
				CLANG_ENABLE_OBJC_ARC = YES;
				CLANG_ENABLE_OBJC_WEAK = YES;
				CLANG_WARN_BLOCK_CAPTURE_AUTORELEASING = YES;
				CLANG_WARN_BOOL_CONVERSION = YES;
				CLANG_WARN_COMMA = YES;
				CLANG_WARN_CONSTANT_CONVERSION = YES;
				CLANG_WARN_DEPRECATED_OBJC_IMPLEMENTATIONS = YES;
				CLANG_WARN_DIRECT_OBJC_ISA_USAGE = YES_ERROR;
				CLANG_WARN_DOCUMENTATION_COMMENTS = YES;
				CLANG_WARN_EMPTY_BODY = YES;
				CLANG_WARN_ENUM_CONVERSION = YES;
				CLANG_WARN_INFINITE_RECURSION = YES;
				CLANG_WARN_INT_CONVERSION = YES;
				CLANG_WARN_NON_LITERAL_NULL_CONVERSION = YES;
				CLANG_WARN_OBJC_IMPLICIT_RETAIN_SELF = YES;
				CLANG_WARN_OBJC_LITERAL_CONVERSION = YES;
				CLANG_WARN_OBJC_ROOT_CLASS = YES_ERROR;
				CLANG_WARN_RANGE_LOOP_ANALYSIS = YES;
				CLANG_WARN_STRICT_PROTOTYPES = YES;
				CLANG_WARN_SUSPICIOUS_MOVE = YES;
				CLANG_WARN_UNGUARDED_AVAILABILITY = YES_AGGRESSIVE;
				CLANG_WARN_UNREACHABLE_CODE = YES;
				CLANG_WARN__DUPLICATE_METHOD_MATCH = YES;
				COPY_PHASE_STRIP = NO;
				DEBUG_INFORMATION_FORMAT = "dwarf-with-dsym";
				ENABLE_NS_ASSERTIONS = NO;
				ENABLE_STRICT_OBJC_MSGSEND = YES;
				GCC_C_LANGUAGE_STANDARD = gnu11;
				GCC_NO_COMMON_BLOCKS = YES;
				GCC_WARN_64_TO_32_BIT_CONVERSION = YES;
				GCC_WARN_ABOUT_RETURN_TYPE = YES_ERROR;
				GCC_WARN_UNDECLARED_SELECTOR = YES;
				GCC_WARN_UNINITIALIZED_AUTOS = YES_AGGRESSIVE;
				GCC_WARN_UNUSED_FUNCTION = YES;
				GCC_WARN_UNUSED_VARIABLE = YES;
				IPHONEOS_DEPLOYMENT_TARGET = 13.2;
				MTL_ENABLE_DEBUG_INFO = NO;
				MTL_FAST_MATH = YES;
				SDKROOT = iphoneos;
				SWIFT_COMPILATION_MODE = wholemodule;
				SWIFT_OPTIMIZATION_LEVEL = "-O";
				VALIDATE_PRODUCT = YES;
			};
			name = Release;
		};
		CE2380C2249C5C300045A7C0 /* Debug */ = {
			isa = XCBuildConfiguration;
			baseConfigurationReference = 279778611F717350F9889719 /* Pods-Jistar.debug.xcconfig */;
			buildSettings = {
				ASSETCATALOG_COMPILER_APPICON_NAME = AppIcon;
				CODE_SIGN_STYLE = Automatic;
				DEVELOPMENT_TEAM = G24R4552BR;
				INFOPLIST_FILE = Jistar/Info.plist;
				LD_RUNPATH_SEARCH_PATHS = (
					"$(inherited)",
					"@executable_path/Frameworks",
				);
				PRODUCT_BUNDLE_IDENTIFIER = com.clevmania.Jistar;
				PRODUCT_NAME = "$(TARGET_NAME)";
				SWIFT_VERSION = 5.0;
				TARGETED_DEVICE_FAMILY = 1;
			};
			name = Debug;
		};
		CE2380C3249C5C300045A7C0 /* Release */ = {
			isa = XCBuildConfiguration;
			baseConfigurationReference = 42B3E0BC92655280A9D331BE /* Pods-Jistar.release.xcconfig */;
			buildSettings = {
				ASSETCATALOG_COMPILER_APPICON_NAME = AppIcon;
				CODE_SIGN_STYLE = Automatic;
				DEVELOPMENT_TEAM = G24R4552BR;
				INFOPLIST_FILE = Jistar/Info.plist;
				LD_RUNPATH_SEARCH_PATHS = (
					"$(inherited)",
					"@executable_path/Frameworks",
				);
				PRODUCT_BUNDLE_IDENTIFIER = com.clevmania.Jistar;
				PRODUCT_NAME = "$(TARGET_NAME)";
				SWIFT_VERSION = 5.0;
				TARGETED_DEVICE_FAMILY = 1;
			};
			name = Release;
		};
/* End XCBuildConfiguration section */

/* Begin XCConfigurationList section */
		CE2380A8249C5C2E0045A7C0 /* Build configuration list for PBXProject "Jistar" */ = {
			isa = XCConfigurationList;
			buildConfigurations = (
				CE2380BF249C5C300045A7C0 /* Debug */,
				CE2380C0249C5C300045A7C0 /* Release */,
			);
			defaultConfigurationIsVisible = 0;
			defaultConfigurationName = Release;
		};
		CE2380C1249C5C300045A7C0 /* Build configuration list for PBXNativeTarget "Jistar" */ = {
			isa = XCConfigurationList;
			buildConfigurations = (
				CE2380C2249C5C300045A7C0 /* Debug */,
				CE2380C3249C5C300045A7C0 /* Release */,
			);
			defaultConfigurationIsVisible = 0;
			defaultConfigurationName = Release;
		};
/* End XCConfigurationList section */
	};
	rootObject = CE2380A5249C5C2E0045A7C0 /* Project object */;
}
